
Microsoft Visual Studio Solution File, Format Version 12.00
# Visual Studio 2013
VisualStudioVersion = 12.0.31101.0
MinimumVisualStudioVersion = 10.0.40219.1
Project("{FAE04EC0-301F-11D3-BF4B-00C04F79EFBC}") = "Patterns.Logging", "Patterns.Logging\Patterns.Logging.csproj", "{638CFBEF-E3C5-4802-B18B-65DE0A3D155D}"
EndProject
Project("{FAE04EC0-301F-11D3-BF4B-00C04F79EFBC}") = "Interfaces.IO", "Interfaces.IO\Interfaces.IO.csproj", "{9F136C9A-B34A-43C0-AE98-40D0173EA32D}"
EndProject
Global
	GlobalSection(SolutionConfigurationPlatforms) = preSolution
		Debug|Any CPU = Debug|Any CPU
		Release|Any CPU = Release|Any CPU
	EndGlobalSection
	GlobalSection(ProjectConfigurationPlatforms) = postSolution
		{638CFBEF-E3C5-4802-B18B-65DE0A3D155D}.Debug|Any CPU.ActiveCfg = Debug|Any CPU
		{638CFBEF-E3C5-4802-B18B-65DE0A3D155D}.Debug|Any CPU.Build.0 = Debug|Any CPU
		{638CFBEF-E3C5-4802-B18B-65DE0A3D155D}.Release|Any CPU.ActiveCfg = Release|Any CPU
		{638CFBEF-E3C5-4802-B18B-65DE0A3D155D}.Release|Any CPU.Build.0 = Release|Any CPU
		{9F136C9A-B34A-43C0-AE98-40D0173EA32D}.Debug|Any CPU.ActiveCfg = Debug|Any CPU
		{9F136C9A-B34A-43C0-AE98-40D0173EA32D}.Debug|Any CPU.Build.0 = Debug|Any CPU
		{9F136C9A-B34A-43C0-AE98-40D0173EA32D}.Release|Any CPU.ActiveCfg = Release|Any CPU
		{9F136C9A-B34A-43C0-AE98-40D0173EA32D}.Release|Any CPU.Build.0 = Release|Any CPU
	EndGlobalSection
	GlobalSection(SolutionProperties) = preSolution
		HideSolutionNode = FALSE
	EndGlobalSection
EndGlobal
